# Generated by pub
# See https://dart.dev/tools/pub/glossary#lockfile
packages:
  archive:
    dependency: transitive
    description:
      name: archive
      sha256: a96e8b390886ee8abb49b7bd3ac8df6f451c621619f52a26e815fdcf568959ff
      url: "https://pub.dev"
    source: hosted
    version: "4.0.9"
  args:
    dependency: transitive
    description:
      name: args
      sha256: bf9f5caeea8d8fe6721a9c358dd8a5c1947b27f1cfaa18b39c301273594919e6
      url: "https://pub.dev"
    source: hosted
    version: "2.6.0"
  asn1lib:
    dependency: transitive
    description:
      name: asn1lib
      sha256: "4bae5ae63e6d6dd17c4aac8086f3dec26c0236f6a0f03416c6c19d830c367cf5"
      url: "https://pub.dev"
    source: hosted
    version: "1.5.8"
  async:
    dependency: transitive
    description:
      name: async
      sha256: e2eb0491ba5ddb6177742d2da23904574082139b07c1e33b8503b9f46f3e1a37
      url: "https://pub.dev"
    source: hosted
    version: "2.13.1"
  audio_session:
    dependency: transitive
    description:
      name: audio_session
      sha256: f9e7711a0e24ca8b40f5d7ac374c3c6e55016f3157912badd18199cdbbca5c4d
      url: "https://pub.dev"
    source: hosted
    version: "0.2.4"
  boolean_selector:
    dependency: transitive
    description:
      name: boolean_selector
      sha256: "8aab1771e1243a5063b8b0ff68042d67334e3feab9e95b9490f9a6ebf73b42ea"
      url: "https://pub.dev"
    source: hosted
    version: "2.1.2"
  cached_network_image:
    dependency: transitive
    description:
      name: cached_network_image
      sha256: "7c1183e361e5c8b0a0f21a28401eecdbde252441106a9816400dd4c2b2424916"
      url: "https://pub.dev"
    source: hosted
    version: "3.4.1"
  cached_network_image_ce:
    dependency: transitive
    description:
      name: cached_network_image_ce
      sha256: "9c61372fecd5f6ac6aaa66fa6808b4c303b8574875e853a0916116bf2fae6840"
      url: "https://pub.dev"
    source: hosted
    version: "4.9.0"
  cached_network_image_platform_interface:
    dependency: transitive
    description:
      name: cached_network_image_platform_interface
      sha256: "35814b016e37fbdc91f7ae18c8caf49ba5c88501813f73ce8a07027a395e2829"
      url: "https://pub.dev"
    source: hosted
    version: "4.1.1"
  cached_network_image_platform_interface_ce:
    dependency: transitive
    description:
      name: cached_network_image_platform_interface_ce
      sha256: "95343645becaeac01dd6eeb9f3a85448b6076d211010ff1973e8bbfd840b571d"
      url: "https://pub.dev"
    source: hosted
    version: "5.2.0"
  cached_network_image_web:
    dependency: transitive
    description:
      name: cached_network_image_web
      sha256: "980842f4e8e2535b8dbd3d5ca0b1f0ba66bf61d14cc3a17a9b4788a3685ba062"
      url: "https://pub.dev"
    source: hosted
    version: "1.3.1"
  cached_network_image_web_ce:
    dependency: transitive
    description:
      name: cached_network_image_web_ce
      sha256: "6bcd8608d4ace7c35625f09d971ce68c7a6581a4631b0fb6ceb2909b2c2e17a8"
      url: "https://pub.dev"
    source: hosted
    version: "2.1.1"
  characters:
    dependency: transitive
    description:
      name: characters
      sha256: faf38497bda5ead2a8c7615f4f7939df04333478bf32e4173fcb06d428b5716b
      url: "https://pub.dev"
    source: hosted
    version: "1.4.1"
  chewie:
    dependency: transitive
    description:
      name: chewie
      sha256: "53dadd2c5b6748742d7744072b38a417ad22691ca55715850300ee793dc7cb27"
      url: "https://pub.dev"
    source: hosted
    version: "1.13.1"
  clock:
    dependency: transitive
    description:
      name: clock
      sha256: fddb70d9b5277016c77a80201021d40a2247104d9f4aa7bab7157b7e3f05b84b
      url: "https://pub.dev"
    source: hosted
    version: "1.1.2"
  collection:
    dependency: transitive
    description:
      name: collection
      sha256: "2f5709ae4d3d59dd8f7cd309b4e023046b57d8a6c82130785d2b0e5868084e76"
      url: "https://pub.dev"
    source: hosted
    version: "1.19.1"
  connectivity_plus:
    dependency: transitive
    description:
      name: connectivity_plus
      sha256: cad0e811a289ea2a941119dc483c204ec1684cbb9a8fc7351fe4a230b8313160
      url: "https://pub.dev"
    source: hosted
    version: "7.2.0"
  connectivity_plus_platform_interface:
    dependency: transitive
    description:
      name: connectivity_plus_platform_interface
      sha256: "3c09627c536d22fd24691a905cdd8b14520de69da52c7a97499c8be5284a32ed"
      url: "https://pub.dev"
    source: hosted
    version: "2.1.0"
  convert:
    dependency: transitive
    description:
      name: convert
      sha256: b30acd5944035672bc15c6b7a8b47d773e41e2f17de064350988c5d02adb1c68
      url: "https://pub.dev"
    source: hosted
    version: "3.1.2"
  cross_file:
    dependency: transitive
    description:
      name: cross_file
      sha256: "7caf6a750a0c04effbb52a676dce9a4a592e10ad35c34d6d2d0e4811160d5670"
      url: "https://pub.dev"
    source: hosted
    version: "0.3.4+2"
  crypto:
    dependency: transitive
    description:
      name: crypto
      sha256: "1e445881f28f22d6140f181e07737b22f1e099a5e1ff94b0af2f9e4a463f4855"
      url: "https://pub.dev"
    source: hosted
    version: "3.0.6"
  crypto_keys:
    dependency: transitive
    description:
      name: crypto_keys
      sha256: acc19abf34623d990a0e8aec69463d74a824c31f137128f42e2810befc509ad0
      url: "https://pub.dev"
    source: hosted
    version: "0.3.0+1"
  csslib:
    dependency: transitive
    description:
      name: csslib
      sha256: "09bad715f418841f976c77db72d5398dc1253c21fb9c0c7f0b0b985860b2d58e"
      url: "https://pub.dev"
    source: hosted
    version: "1.0.2"
  cupertino_icons:
    dependency: transitive
    description:
      name: cupertino_icons
      sha256: ba631d1c7f7bef6b729a622b7b752645a2d076dba9976925b8f25725a30e1ee6
      url: "https://pub.dev"
    source: hosted
    version: "1.0.8"
  dbus:
    dependency: transitive
    description:
      name: dbus
      sha256: d0c98dcd4f5169878b6cf8f6e0a52403a9dff371a3e2f019697accbf6f44a270
      url: "https://pub.dev"
    source: hosted
    version: "0.7.12"
  desktop_drop:
    dependency: transitive
    description:
      name: desktop_drop
      sha256: aa1e797255bfbc76f9eb5aa4f61e5b68dbf69962ab1be6495816d2f251bc0d1f
      url: "https://pub.dev"
    source: hosted
    version: "0.7.1"
  device_info_plus:
    dependency: transitive
    description:
      name: device_info_plus
      sha256: b4fed1b2835da9d670d7bed7db79ae2a94b0f5ad6312268158a9b5479abbacdd
      url: "https://pub.dev"
    source: hosted
    version: "12.4.0"
  device_info_plus_platform_interface:
    dependency: transitive
    description:
      name: device_info_plus_platform_interface
      sha256: e1ea89119e34903dca74b883d0dd78eb762814f97fb6c76f35e9ff74d261a18f
      url: "https://pub.dev"
    source: hosted
    version: "7.0.3"
  diacritic:
    dependency: transitive
    description:
      name: diacritic
      sha256: "12981945ec38931748836cd76f2b38773118d0baef3c68404bdfde9566147876"
      url: "https://pub.dev"
    source: hosted
    version: "0.1.6"
  dio:
    dependency: "direct main"
    description:
      name: dio
      sha256: ea2bad3c89a27635ce2d85cce4d6b199da49a5a48ec77b03e45b65a3b90922b0
      url: "https://pub.dev"
    source: hosted
    version: "5.10.0"
  dio_web_adapter:
    dependency: transitive
    description:
      name: dio_web_adapter
      sha256: "33259a9276d6cea88774a0000cfae0d861003497755969c92faa223108620dc8"
      url: "https://pub.dev"
    source: hosted
    version: "2.0.0"
  equatable:
    dependency: transitive
    description:
      name: equatable
      sha256: "3bce007a596ff8b3119c45d68aaef631272537c03d30e5d4534dd24bf4c5eaa2"
      url: "https://pub.dev"
    source: hosted
    version: "2.1.0"
  ezanimation:
    dependency: transitive
    description:
      name: ezanimation
      sha256: d197e83f1746e9c362150c66a7c55e1fa57f514bf9654fcd30a001139b7a7a92
      url: "https://pub.dev"
    source: hosted
    version: "0.6.0"
  fake_async:
    dependency: transitive
    description:
      name: fake_async
      sha256: "5368f224a74523e8d2e7399ea1638b37aecfca824a3cc4dfdf77bf1fa905ac44"
      url: "https://pub.dev"
    source: hosted
    version: "1.3.3"
  ffi:
    dependency: transitive
    description:
      name: ffi
      sha256: "6d7fd89431262d8f3125e81b50d3847a091d846eafcd4fdb88dd06f36d705a45"
      url: "https://pub.dev"
    source: hosted
    version: "2.2.0"
  file:
    dependency: transitive
    description:
      name: file
      sha256: a3b4f84adafef897088c160faf7dfffb7696046cb13ae90b508c2cbc95d3b8d4
      url: "https://pub.dev"
    source: hosted
    version: "7.0.1"
  file_picker:
    dependency: transitive
    description:
      name: file_picker
      sha256: f13a03000d942e476bc1ff0a736d2e9de711d2f89a95cd4c1d88f861c3348387
      url: "https://pub.dev"
    source: hosted
    version: "11.0.2"
  file_selector:
    dependency: transitive
    description:
      name: file_selector
      sha256: bd15e43e9268db636b53eeaca9f56324d1622af30e5c34d6e267649758c84d9a
      url: "https://pub.dev"
    source: hosted
    version: "1.1.0"
  file_selector_android:
    dependency: transitive
    description:
      name: file_selector_android
      sha256: "98ac58e878b05ea2fdb204e7f4fc4978d90406c9881874f901428e01d3b18fbc"
      url: "https://pub.dev"
    source: hosted
    version: "0.5.1+12"
  file_selector_ios:
    dependency: transitive
    description:
      name: file_selector_ios
      sha256: "94b98ad950b8d40d96fee8fa88640c2e4bd8afcdd4817993bd04e20310f45420"
      url: "https://pub.dev"
    source: hosted
    version: "0.5.3+1"
  file_selector_linux:
    dependency: transitive
    description:
      name: file_selector_linux
      sha256: "2567f398e06ac72dcf2e98a0c95df2a9edd03c2c2e0cacd4780f20cdf56263a0"
      url: "https://pub.dev"
    source: hosted
    version: "0.9.4"
  file_selector_macos:
    dependency: transitive
    description:
      name: file_selector_macos
      sha256: "5e0bbe9c312416f1787a68259ea1505b52f258c587f12920422671807c4d618a"
      url: "https://pub.dev"
    source: hosted
    version: "0.9.5"
  file_selector_platform_interface:
    dependency: transitive
    description:
      name: file_selector_platform_interface
      sha256: "35e0bd61ebcdb91a3505813b055b09b79dfdc7d0aee9c09a7ba59ae4bb13dc85"
      url: "https://pub.dev"
    source: hosted
    version: "2.7.0"
  file_selector_web:
    dependency: transitive
    description:
      name: file_selector_web
      sha256: c4c0ea4224d97a60a7067eca0c8fd419e708ff830e0c83b11a48faf566cec3e7
      url: "https://pub.dev"
    source: hosted
    version: "0.9.4+2"
  file_selector_windows:
    dependency: transitive
    description:
      name: file_selector_windows
      sha256: "8f5d2f6590d51ecd9179ba39c64f722edc15226cc93dcc8698466ad36a4a85a4"
      url: "https://pub.dev"
    source: hosted
    version: "0.9.3+3"
  fixnum:
    dependency: transitive
    description:
      name: fixnum
      sha256: b6dc7065e46c974bc7c5f143080a6764ec7a4be6da1285ececdc37be96de53be
      url: "https://pub.dev"
    source: hosted
    version: "1.1.1"
  fl_chart:
    dependency: transitive
    description:
      name: fl_chart
      sha256: b938f77d042cbcd822936a7a359a7235bad8bd72070de1f827efc2cc297ac888
      url: "https://pub.dev"
    source: hosted
    version: "1.2.0"
  flutter:
    dependency: "direct main"
    description: flutter
    source: sdk
    version: "0.0.0"
  flutter_cache_manager:
    dependency: transitive
    description:
      name: flutter_cache_manager
      sha256: "400b6592f16a4409a7f2bb929a9a7e38c72cceb8ffb99ee57bbf2cb2cecf8386"
      url: "https://pub.dev"
    source: hosted
    version: "3.4.1"
  flutter_lints:
    dependency: "direct dev"
    description:
      name: flutter_lints
      sha256: "3f41d009ba7172d5ff9be5f6e6e6abb4300e263aab8866d2a0842ed2a70f8f0c"
      url: "https://pub.dev"
    source: hosted
    version: "4.0.0"
  flutter_markdown:
    dependency: transitive
    description:
      name: flutter_markdown
      sha256: "08fb8315236099ff8e90cb87bb2b935e0a724a3af1623000a9cec930468e0f27"
      url: "https://pub.dev"
    source: hosted
    version: "0.7.7+1"
  flutter_markdown_plus:
    dependency: transitive
    description:
      name: flutter_markdown_plus
      sha256: fce641d6c2106cc495de1cd603f97a4f9d615a97a64011928ded380dbdade935
      url: "https://pub.dev"
    source: hosted
    version: "1.0.12"
  flutter_plugin_android_lifecycle:
    dependency: transitive
    description:
      name: flutter_plugin_android_lifecycle
      sha256: "9b78450b89f059e96c9ebb355fa6b3df1d6b330436e0b885fb49594c41721398"
      url: "https://pub.dev"
    source: hosted
    version: "2.0.23"
  flutter_portal:
    dependency: transitive
    description:
      name: flutter_portal
      sha256: "4601b3dc24f385b3761721bd852a3f6c09cddd4e943dd184ed58ee1f43006257"
      url: "https://pub.dev"
    source: hosted
    version: "1.1.4"
  flutter_svg:
    dependency: transitive
    description:
      name: flutter_svg
      sha256: "35882981abcbfb8c15b286f0cd690ff25bac12d95eff3e25ee207f37d4c42e7f"
      url: "https://pub.dev"
    source: hosted
    version: "2.3.0"
  flutter_test:
    dependency: "direct dev"
    description: flutter
    source: sdk
    version: "0.0.0"
  flutter_web_plugins:
    dependency: transitive
    description: flutter
    source: sdk
    version: "0.0.0"
  freezed_annotation:
    dependency: transitive
    description:
      name: freezed_annotation
      sha256: "7294967ff0a6d98638e7acb774aac3af2550777accd8149c90af5b014e6d44d8"
      url: "https://pub.dev"
    source: hosted
    version: "3.1.0"
  gal:
    dependency: transitive
    description:
      name: gal
      sha256: "969598f986789127fd407a750413249e1352116d4c2be66e81837ffeeaafdfee"
      url: "https://pub.dev"
    source: hosted
    version: "2.3.2"
  get_thumbnail_video:
    dependency: transitive
    description:
      name: get_thumbnail_video
      sha256: ff61495b42051765d2a9e93bd14dac7ede5853033837bde71c27575a192c53fc
      url: "https://pub.dev"
    source: hosted
    version: "0.7.3"
  hashcodes:
    dependency: transitive
    description:
      name: hashcodes
      sha256: "80f9410a5b3c8e110c4b7604546034749259f5d6dcca63e0d3c17c9258f1a651"
      url: "https://pub.dev"
    source: hosted
    version: "2.0.0"
  hive_ce:
    dependency: transitive
    description:
      name: hive_ce
      sha256: "8e9980e68643afb1e765d3af32b47996552a64e190d03faf622cea07c1294418"
      url: "https://pub.dev"
    source: hosted
    version: "2.19.3"
  html:
    dependency: transitive
    description:
      name: html
      sha256: "1fc58edeaec4307368c60d59b7e15b9d658b57d7f3125098b6294153c75337ec"
      url: "https://pub.dev"
    source: hosted
    version: "0.15.5"
  http:
    dependency: transitive
    description:
      name: http
      sha256: "87721a4a50b19c7f1d49001e51409bddc46303966ce89a65af4f4e6004896412"
      url: "https://pub.dev"
    source: hosted
    version: "1.6.0"
  http_parser:
    dependency: transitive
    description:
      name: http_parser
      sha256: "178d74305e7866013777bab2c3d8726205dc5a4dd935297175b19a23a2e66571"
      url: "https://pub.dev"
    source: hosted
    version: "4.1.2"
  image:
    dependency: transitive
    description:
      name: image
      sha256: f9881ff4998044947ec38d098bc7c8316ae1186fa786eddffdb867b9bc94dfce
      url: "https://pub.dev"
    source: hosted
    version: "4.8.0"
  image_picker:
    dependency: transitive
    description:
      name: image_picker
      sha256: d8402284df184bc05f4a2210c6c23983b0720f4cd87cbd05c5390a78af602667
      url: "https://pub.dev"
    source: hosted
    version: "1.2.3"
  image_picker_android:
    dependency: transitive
    description:
      name: image_picker_android
      sha256: "6f3a1995eafb000333174fae92202622033b0ee7fd917a6cd3730295264df84a"
      url: "https://pub.dev"
    source: hosted
    version: "0.8.13+19"
  image_picker_for_web:
    dependency: transitive
    description:
      name: image_picker_for_web
      sha256: "66257a3191ab360d23a55c8241c91a6e329d31e94efa7be9cf7a212e65850214"
      url: "https://pub.dev"
    source: hosted
    version: "3.1.1"
  image_picker_ios:
    dependency: transitive
    description:
      name: image_picker_ios
      sha256: b9c4a438a9ff4f60808c9cf0039b93a42bb6c2211ef6ebb647394b2b3fa84588
      url: "https://pub.dev"
    source: hosted
    version: "0.8.13+6"
  image_picker_linux:
    dependency: transitive
    description:
      name: image_picker_linux
      sha256: "1f81c5f2046b9ab724f85523e4af65be1d47b038160a8c8deed909762c308ed4"
      url: "https://pub.dev"
    source: hosted
    version: "0.2.2"
  image_picker_macos:
    dependency: transitive
    description:
      name: image_picker_macos
      sha256: "86f0f15a309de7e1a552c12df9ce5b59fe927e71385329355aec4776c6a8ec91"
      url: "https://pub.dev"
    source: hosted
    version: "0.2.2+1"
  image_picker_platform_interface:
    dependency: transitive
    description:
      name: image_picker_platform_interface
      sha256: "567e056716333a1647c64bb6bd873cff7622233a5c3f694be28a583d4715690c"
      url: "https://pub.dev"
    source: hosted
    version: "2.11.1"
  image_picker_windows:
    dependency: transitive
    description:
      name: image_picker_windows
      sha256: d248c86554a72b5495a31c56f060cf73a41c7ff541689327b1a7dbccc33adfae
      url: "https://pub.dev"
    source: hosted
    version: "0.2.2"
  image_size_getter:
    dependency: transitive
    description:
      name: image_size_getter
      sha256: "7c26937e0ae341ca558b7556591fd0cc456fcc454583b7cb665d2f03e93e590f"
      url: "https://pub.dev"
    source: hosted
    version: "2.4.1"
  intl:
    dependency: transitive
    description:
      name: intl
      sha256: "1ca20c894b1717686a2319b8548763d812bc0aabdac580420a44c5178c57a867"
      url: "https://pub.dev"
    source: hosted
    version: "0.20.3"
  isolate_channel:
    dependency: transitive
    description:
      name: isolate_channel
      sha256: a9d3d620695bc984244dafae00b95e4319d6974b2d77f4b9e1eb4f2efe099094
      url: "https://pub.dev"
    source: hosted
    version: "0.6.1"
  jiffy:
    dependency: transitive
    description:
      name: jiffy
      sha256: cabced5ddea4612f5e0c498df065ee8a1bd810f7ed757db910e95d2aba80161d
      url: "https://pub.dev"
    source: hosted
    version: "6.4.5"
  jose:
    dependency: transitive
    description:
      name: jose
      sha256: a0a339d0a0652dc1bd89f8b92d38479e07e16db83858fb55fa57212479f323f7
      url: "https://pub.dev"
    source: hosted
    version: "0.3.5+2"
  js:
    dependency: transitive
    description:
      name: js
      sha256: f2c445dce49627136094980615a031419f7f3eb393237e4ecd97ac15dea343f3
      url: "https://pub.dev"
    source: hosted
    version: "0.6.7"
  json_annotation:
    dependency: transitive
    description:
      name: json_annotation
      sha256: "2a743920d81b7910627f68ee2c9ac1fc0bfee32b9fc3403587d7c6791ca12f80"
      url: "https://pub.dev"
    source: hosted
    version: "4.12.0"
  just_audio:
    dependency: transitive
    description:
      name: just_audio
      sha256: e60aa97b233ddea025e13dfac59195207f528fa5e9e4a4a49a8c0766701e5fe6
      url: "https://pub.dev"
    source: hosted
    version: "0.10.6"
  just_audio_platform_interface:
    dependency: transitive
    description:
      name: just_audio_platform_interface
      sha256: "2532c8d6702528824445921c5ff10548b518b13f808c2e34c2fd54793b999a6a"
      url: "https://pub.dev"
    source: hosted
    version: "4.6.0"
  just_audio_web:
    dependency: transitive
    description:
      name: just_audio_web
      sha256: "6ba8a2a7e87d57d32f0f7b42856ade3d6a9fbe0f1a11fabae0a4f00bb73f0663"
      url: "https://pub.dev"
    source: hosted
    version: "0.4.16"
  leak_tracker:
    dependency: transitive
    description:
      name: leak_tracker
      sha256: "33e2e26bdd85a0112ec15400c8cbffea70d0f9c3407491f672a2fad47915e2de"
      url: "https://pub.dev"
    source: hosted
    version: "11.0.2"
  leak_tracker_flutter_testing:
    dependency: transitive
    description:
      name: leak_tracker_flutter_testing
      sha256: "1dbc140bb5a23c75ea9c4811222756104fbcd1a27173f0c34ca01e16bea473c1"
      url: "https://pub.dev"
    source: hosted
    version: "3.0.10"
  leak_tracker_testing:
    dependency: transitive
    description:
      name: leak_tracker_testing
      sha256: "8d5a2d49f4a66b49744b23b018848400d23e54caf9463f4eb20df3eb8acb2eb1"
      url: "https://pub.dev"
    source: hosted
    version: "3.0.2"
  lints:
    dependency: transitive
    description:
      name: lints
      sha256: "976c774dd944a42e83e2467f4cc670daef7eed6295b10b36ae8c85bcbf828235"
      url: "https://pub.dev"
    source: hosted
    version: "4.0.0"
  logging:
    dependency: transitive
    description:
      name: logging
      sha256: c8245ada5f1717ed44271ed1c26b8ce85ca3228fd2ffdb75468ab01979309d61
      url: "https://pub.dev"
    source: hosted
    version: "1.3.0"
  lottie:
    dependency: transitive
    description:
      name: lottie
      sha256: "58dda9eee3f1b1fb9d490b0161635cffe93022b3b8ca0687e3df33a53620ead2"
      url: "https://pub.dev"
    source: hosted
    version: "3.5.1"
  markdown:
    dependency: transitive
    description:
      name: markdown
      sha256: ee85086ad7698b42522c6ad42fe195f1b9898e4d974a1af4576c1a3a176cada9
      url: "https://pub.dev"
    source: hosted
    version: "7.3.1"
  matcher:
    dependency: transitive
    description:
      name: matcher
      sha256: dc0b7dc7651697ea4ff3e69ef44b0407ea32c487a39fff6a4004fa585e901861
      url: "https://pub.dev"
    source: hosted
    version: "0.12.19"
  material_color_utilities:
    dependency: transitive
    description:
      name: material_color_utilities
      sha256: "9c337007e82b1889149c82ed242ed1cb24a66044e30979c44912381e9be4c48b"
      url: "https://pub.dev"
    source: hosted
    version: "0.13.0"
  media_kit:
    dependency: transitive
    description:
      name: media_kit
      sha256: ae9e79597500c7ad6083a3c7b7b7544ddabfceacce7ae5c9709b0ec16a5d6643
      url: "https://pub.dev"
    source: hosted
    version: "1.2.6"
  media_kit_video:
    dependency: transitive
    description:
      name: media_kit_video
      sha256: afaa509e7b7e0bf247557a3a740cde903a52c34ace9810f94500e127bd7b043d
      url: "https://pub.dev"
    source: hosted
    version: "2.0.1"
  meta:
    dependency: transitive
    description:
      name: meta
      sha256: "1741988757a65eb6b36abe716829688cf01910bbf91c34354ff7ec1c3de2b349"
      url: "https://pub.dev"
    source: hosted
    version: "1.18.0"
  mime:
    dependency: transitive
    description:
      name: mime
      sha256: "41a20518f0cb1256669420fdba0cd90d21561e560ac240f26ef8322e45bb7ed6"
      url: "https://pub.dev"
    source: hosted
    version: "2.0.0"
  nested:
    dependency: transitive
    description:
      name: nested
      sha256: "03bac4c528c64c95c722ec99280375a6f2fc708eec17c7b3f07253b626cd2a20"
      url: "https://pub.dev"
    source: hosted
    version: "1.0.0"
  nm:
    dependency: transitive
    description:
      name: nm
      sha256: "2c9aae4127bdc8993206464fcc063611e0e36e72018696cd9631023a31b24254"
      url: "https://pub.dev"
    source: hosted
    version: "0.5.0"
  octo_image:
    dependency: transitive
    description:
      name: octo_image
      sha256: "34faa6639a78c7e3cbe79be6f9f96535867e879748ade7d17c9b1ae7536293bd"
      url: "https://pub.dev"
    source: hosted
    version: "2.1.0"
  package_info_plus:
    dependency: transitive
    description:
      name: package_info_plus
      sha256: "468c26b4254ab01979fa5e4a98cb343ea3631b9acee6f21028997419a80e1a20"
      url: "https://pub.dev"
    source: hosted
    version: "9.0.1"
  package_info_plus_platform_interface:
    dependency: transitive
    description:
      name: package_info_plus_platform_interface
      sha256: "202a487f08836a592a6bd4f901ac69b3a8f146af552bbd14407b6b41e1c3f086"
      url: "https://pub.dev"
    source: hosted
    version: "3.2.1"
  path:
    dependency: transitive
    description:
      name: path
      sha256: "75cca69d1490965be98c73ceaea117e8a04dd21217b37b292c9ddbec0d955bc5"
      url: "https://pub.dev"
    source: hosted
    version: "1.9.1"
  path_parsing:
    dependency: transitive
    description:
      name: path_parsing
      sha256: "883402936929eac138ee0a45da5b0f2c80f89913e6dc3bf77eb65b84b409c6ca"
      url: "https://pub.dev"
    source: hosted
    version: "1.1.0"
  path_provider:
    dependency: transitive
    description:
      name: path_provider
      sha256: "50c5dd5b6e1aaf6fb3a78b33f6aa3afca52bf903a8a5298f53101fdaee55bbcd"
      url: "https://pub.dev"
    source: hosted
    version: "2.1.5"
  path_provider_android:
    dependency: transitive
    description:
      name: path_provider_android
      sha256: "8c4967f8b7cb46dc914e178daa29813d83ae502e0529d7b0478330616a691ef7"
      url: "https://pub.dev"
    source: hosted
    version: "2.2.14"
  path_provider_foundation:
    dependency: transitive
    description:
      name: path_provider_foundation
      sha256: f234384a3fdd67f989b4d54a5d73ca2a6c422fa55ae694381ae0f4375cd1ea16
      url: "https://pub.dev"
    source: hosted
    version: "2.4.0"
  path_provider_linux:
    dependency: transitive
    description:
      name: path_provider_linux
      sha256: f7a1fe3a634fe7734c8d3f2766ad746ae2a2884abe22e241a8b301bf5cac3279
      url: "https://pub.dev"
    source: hosted
    version: "2.2.1"
  path_provider_platform_interface:
    dependency: transitive
    description:
      name: path_provider_platform_interface
      sha256: "88f5779f72ba699763fa3a3b06aa4bf6de76c8e5de842cf6f29e2e06476c2334"
      url: "https://pub.dev"
    source: hosted
    version: "2.1.2"
  path_provider_windows:
    dependency: transitive
    description:
      name: path_provider_windows
      sha256: bd6f00dbd873bfb70d0761682da2b3a2c2fccc2b9e84c495821639601d81afe7
      url: "https://pub.dev"
    source: hosted
    version: "2.3.0"
  petitparser:
    dependency: transitive
    description:
      name: petitparser
      sha256: c15605cd28af66339f8eb6fbe0e541bfe2d1b72d5825efc6598f3e0a31b9ad27
      url: "https://pub.dev"
    source: hosted
    version: "6.0.2"
  photo_manager:
    dependency: transitive
    description:
      name: photo_manager
      sha256: bf840253a7a5a48774f3a23b042a673614785e9874e0c86e2837681d576ef252
      url: "https://pub.dev"
    source: hosted
    version: "3.10.0"
  photo_view:
    dependency: transitive
    description:
      name: photo_view
      sha256: "1fc3d970a91295fbd1364296575f854c9863f225505c28c46e0a03e48960c75e"
      url: "https://pub.dev"
    source: hosted
    version: "0.15.0"
  platform:
    dependency: transitive
    description:
      name: platform
      sha256: "5d6b1b0036a5f331ebc77c850ebc8506cbc1e9416c27e59b439f917a902a4984"
      url: "https://pub.dev"
    source: hosted
    version: "3.1.6"
  plugin_platform_interface:
    dependency: transitive
    description:
      name: plugin_platform_interface
      sha256: "4820fbfdb9478b1ebae27888254d445073732dae3d6ea81f0b7e06d5dedc3f02"
      url: "https://pub.dev"
    source: hosted
    version: "2.1.8"
  pointycastle:
    dependency: transitive
    description:
      name: pointycastle
      sha256: "4be0097fcf3fd3e8449e53730c631200ebc7b88016acecab2b0da2f0149222fe"
      url: "https://pub.dev"
    source: hosted
    version: "3.9.1"
  posix:
    dependency: transitive
    description:
      name: posix
      sha256: "185ef7606574f789b40f289c233efa52e96dead518aed988e040a10737febb07"
      url: "https://pub.dev"
    source: hosted
    version: "6.5.0"
  provider:
    dependency: transitive
    description:
      name: provider
      sha256: "4e82183fa20e5ca25703ead7e05de9e4cceed1fbd1eadc1ac3cb6f565a09f272"
      url: "https://pub.dev"
    source: hosted
    version: "6.1.5+1"
  quiver:
    dependency: transitive
    description:
      name: quiver
      sha256: ea0b925899e64ecdfbf9c7becb60d5b50e706ade44a85b2363be2a22d88117d2
      url: "https://pub.dev"
    source: hosted
    version: "3.2.2"
  rate_limiter:
    dependency: transitive
    description:
      name: rate_limiter
      sha256: "2bae2e961adedf7fc2e8b0305d30e3a3619baf001d050c6907870c5c6235b559"
      url: "https://pub.dev"
    source: hosted
    version: "1.0.0"
  record:
    dependency: transitive
    description:
      name: record
      sha256: "10911465138fafacef459a780564e883e01bd48eabf87ab20543684884492870"
      url: "https://pub.dev"
    source: hosted
    version: "6.2.1"
  record_android:
    dependency: transitive
    description:
      name: record_android
      sha256: eb1732e42d0d2a1895b8db86e4fc917287e6d8491b6ed59918aea8bed6c69de4
      url: "https://pub.dev"
    source: hosted
    version: "1.5.2"
  record_ios:
    dependency: transitive
    description:
      name: record_ios
      sha256: c051fb48edd7a0e265daafb9108730dc827c27b551728a3fdfb3ef69efd89c73
      url: "https://pub.dev"
    source: hosted
    version: "1.2.1"
  record_linux:
    dependency: transitive
    description:
      name: record_linux
      sha256: "31181787bf7eccb0e298835836b69b3cd0a903863b75d70e937de3dec71cd8f3"
      url: "https://pub.dev"
    source: hosted
    version: "1.3.1"
  record_macos:
    dependency: transitive
    description:
      name: record_macos
      sha256: cfe1b61435e27db418bf513dc36820d10c9f7eb1843786c2c9a52e07e2f4f627
      url: "https://pub.dev"
    source: hosted
    version: "1.2.2"
  record_platform_interface:
    dependency: transitive
    description:
      name: record_platform_interface
      sha256: "8e56cbe06c6984137fb86132ff03459f29938d927496d9b2d0962e2d6345d488"
      url: "https://pub.dev"
    source: hosted
    version: "1.6.0"
  record_web:
    dependency: transitive
    description:
      name: record_web
      sha256: "7e9846981c1f2d111d86f0ae3309071f5bba8b624d1c977316706f08fc31d16d"
      url: "https://pub.dev"
    source: hosted
    version: "1.3.0"
  record_windows:
    dependency: transitive
    description:
      name: record_windows
      sha256: "223258060a1d25c62bae18282c16783f28581ec19401d17e56b5205b9f039d78"
      url: "https://pub.dev"
    source: hosted
    version: "1.0.7"
  rxdart:
    dependency: transitive
    description:
      name: rxdart
      sha256: "5c3004a4a8dbb94bd4bf5412a4def4acdaa12e12f269737a5751369e12d1a962"
      url: "https://pub.dev"
    source: hosted
    version: "0.28.0"
  safe_local_storage:
    dependency: transitive
    description:
      name: safe_local_storage
      sha256: "7483b3d5e8976f0bd263647c03b96131ee8e43f48b56fa8a8ec459e8515d74b0"
      url: "https://pub.dev"
    source: hosted
    version: "2.0.4"
  share_plus:
    dependency: transitive
    description:
      name: share_plus
      sha256: "223873d106614442ea6f20db5a038685cc5b32a2fba81cdecaefbbae0523f7fa"
      url: "https://pub.dev"
    source: hosted
    version: "12.0.2"
  share_plus_platform_interface:
    dependency: transitive
    description:
      name: share_plus_platform_interface
      sha256: "88023e53a13429bd65d8e85e11a9b484f49d4c190abbd96c7932b74d6927cc9a"
      url: "https://pub.dev"
    source: hosted
    version: "6.1.0"
  shimmer:
    dependency: transitive
    description:
      name: shimmer
      sha256: "5f88c883a22e9f9f299e5ba0e4f7e6054857224976a5d9f839d4ebdc94a14ac9"
      url: "https://pub.dev"
    source: hosted
    version: "3.0.0"
  sky_engine:
    dependency: transitive
    description: flutter
    source: sdk
    version: "0.0.0"
  source_span:
    dependency: transitive
    description:
      name: source_span
      sha256: "254ee5351d6cb365c859e20ee823c3bb479bf4a293c22d17a9f1bf144ce86f7c"
      url: "https://pub.dev"
    source: hosted
    version: "1.10.1"
  speech_to_text:
    dependency: transitive
    description:
      name: speech_to_text
      sha256: "75587f7400f485fdf166beacd471549d98fe5d58e634f708916bb65dec05d6a4"
      url: "https://pub.dev"
    source: hosted
    version: "7.4.0"
  speech_to_text_platform_interface:
    dependency: transitive
    description:
      name: speech_to_text_platform_interface
      sha256: a7e16e02853853ed7534ac2bde9a1c4f39c8879970a7974ac6ff832d4bdaa4b0
      url: "https://pub.dev"
    source: hosted
    version: "2.4.0"
  speech_to_text_windows:
    dependency: transitive
    description:
      name: speech_to_text_windows
      sha256: "2d1d10565b23262386b453b33656299608dc7a66784453735d6c1318f13f44d7"
      url: "https://pub.dev"
    source: hosted
    version: "1.0.1"
  sqflite:
    dependency: transitive
    description:
      name: sqflite
      sha256: "2d7299468485dca85efeeadf5d38986909c5eb0cd71fd3db2c2f000e6c9454bb"
      url: "https://pub.dev"
    source: hosted
    version: "2.4.1"
  sqflite_android:
    dependency: transitive
    description:
      name: sqflite_android
      sha256: "78f489aab276260cdd26676d2169446c7ecd3484bbd5fead4ca14f3ed4dd9ee3"
      url: "https://pub.dev"
    source: hosted
    version: "2.4.0"
  sqflite_common:
    dependency: transitive
    description:
      name: sqflite_common
      sha256: "761b9740ecbd4d3e66b8916d784e581861fd3c3553eda85e167bc49fdb68f709"
      url: "https://pub.dev"
    source: hosted
    version: "2.5.4+6"
  sqflite_darwin:
    dependency: transitive
    description:
      name: sqflite_darwin
      sha256: "96a698e2bc82bd770a4d6aab00b42396a7c63d9e33513a56945cbccb594c2474"
      url: "https://pub.dev"
    source: hosted
    version: "2.4.1"
  sqflite_platform_interface:
    dependency: transitive
    description:
      name: sqflite_platform_interface
      sha256: "8dd4515c7bdcae0a785b0062859336de775e8c65db81ae33dd5445f35be61920"
      url: "https://pub.dev"
    source: hosted
    version: "2.4.0"
  stack_trace:
    dependency: transitive
    description:
      name: stack_trace
      sha256: "8b27215b45d22309b5cddda1aa2b19bdfec9df0e765f2de506401c071d38d1b1"
      url: "https://pub.dev"
    source: hosted
    version: "1.12.1"
  stream_channel:
    dependency: transitive
    description:
      name: stream_channel
      sha256: "969e04c80b8bcdf826f8f16579c7b14d780458bd97f56d107d3950fdbeef059d"
      url: "https://pub.dev"
    source: hosted
    version: "2.1.4"
  stream_chat:
    dependency: "direct main"
    description:
      name: stream_chat
      sha256: c3c5d055e943bbd0258905d5d234a231ebc3ec5514270e9054cf1eb229dd18a1
      url: "https://pub.dev"
    source: hosted
    version: "10.1.0"
  stream_chat_flutter:
    dependency: "direct main"
    description:
      name: stream_chat_flutter
      sha256: a4a9c8d4c17c6f2dd0caef2c0fcfb1a8a196fe27c2360dd2adb9ce3b906f2df5
      url: "https://pub.dev"
    source: hosted
    version: "10.1.0"
  stream_chat_flutter_ai:
    dependency: "direct main"
    description:
      path: "/Users/renefloor/Documents/github/stream-chat-flutter/packages/stream_chat_flutter_ai"
      relative: false
    source: path
    version: "0.0.1"
  stream_chat_flutter_core:
    dependency: transitive
    description:
      name: stream_chat_flutter_core
      sha256: "5a4a8e5f41569e45e683ebdcc75cc0ecfa20d91317a00f52dd46fbc3318c4b04"
      url: "https://pub.dev"
    source: hosted
    version: "10.1.0"
  stream_core:
    dependency: transitive
    description:
      name: stream_core
      sha256: fc0af8f8510cf48be414a088891b9e60353a4df65d0a78ec9d895f6b3a2b6881
      url: "https://pub.dev"
    source: hosted
    version: "0.4.0"
  stream_core_flutter:
    dependency: transitive
    description:
      name: stream_core_flutter
      sha256: "7e52703881aed7987331f5aad478b25aeb965348c893e1be8f046ad39e90d993"
      url: "https://pub.dev"
    source: hosted
    version: "0.4.0"
  string_scanner:
    dependency: transitive
    description:
      name: string_scanner
      sha256: "921cd31725b72fe181906c6a94d987c78e3b98c2e205b397ea399d4054872b43"
      url: "https://pub.dev"
    source: hosted
    version: "1.4.1"
  svg_icon_widget:
    dependency: transitive
    description:
      name: svg_icon_widget
      sha256: "8d1426804add13992c768bd37fe7673bb72c8e35100f7bc5a2f108eb8413daea"
      url: "https://pub.dev"
    source: hosted
    version: "0.0.1+1"
  synchronized:
    dependency: transitive
    description:
      name: synchronized
      sha256: "93b153dcb6a26dcddee6ca087dd634b53e38c10b5aa163e8e49501a776456153"
      url: "https://pub.dev"
    source: hosted
    version: "3.4.1"
  term_glyph:
    dependency: transitive
    description:
      name: term_glyph
      sha256: "7f554798625ea768a7518313e58f83891c7f5024f88e46e7182a4558850a4b8e"
      url: "https://pub.dev"
    source: hosted
    version: "1.2.2"
  test_api:
    dependency: transitive
    description:
      name: test_api
      sha256: "949a932224383300f01be9221c39180316445ecb8e7547f70a41a35bf421fb9e"
      url: "https://pub.dev"
    source: hosted
    version: "0.7.11"
  theme_extensions_builder_annotation:
    dependency: transitive
    description:
      name: theme_extensions_builder_annotation
      sha256: "9249af881cd892aeac002bb016628becac51f12439df9af2a23e3c516b0470f5"
      url: "https://pub.dev"
    source: hosted
    version: "7.4.0"
  thumblr:
    dependency: transitive
    description:
      name: thumblr
      sha256: bfdb4c3d6e95d9595d4d464b255b85845db5f7ab88d8648d3edfe4f19adf043b
      url: "https://pub.dev"
    source: hosted
    version: "0.0.4"
  thumblr_macos:
    dependency: transitive
    description:
      name: thumblr_macos
      sha256: "3b5189db149ee4c6c2fabc6f4bf3d84ed09c96cc45a2153a53ae781742c404c6"
      url: "https://pub.dev"
    source: hosted
    version: "0.4.0"
  thumblr_platform_interface:
    dependency: transitive
    description:
      name: thumblr_platform_interface
      sha256: abfcd54b5567b3c8d9a5426b43ed4783c613c34194564c47ffba0ea51f328962
      url: "https://pub.dev"
    source: hosted
    version: "0.3.1+1"
  thumblr_windows:
    dependency: transitive
    description:
      name: thumblr_windows
      sha256: a1d372ccb4d4981e6d55ff516ee5b102f65d0f905d5d36c9712a095358d9e91a
      url: "https://pub.dev"
    source: hosted
    version: "0.0.3+1"
  typed_data:
    dependency: transitive
    description:
      name: typed_data
      sha256: f9049c039ebfeb4cf7a7104a675823cd72dba8297f264b6637062516699fa006
      url: "https://pub.dev"
    source: hosted
    version: "1.4.0"
  universal_platform:
    dependency: transitive
    description:
      name: universal_platform
      sha256: "64e16458a0ea9b99260ceb5467a214c1f298d647c659af1bff6d3bf82536b1ec"
      url: "https://pub.dev"
    source: hosted
    version: "1.1.0"
  uri_parser:
    dependency: transitive
    description:
      name: uri_parser
      sha256: "051c62e5f693de98ca9f130ee707f8916e2266945565926be3ff20659f7853ce"
      url: "https://pub.dev"
    source: hosted
    version: "3.0.2"
  url_launcher:
    dependency: transitive
    description:
      name: url_launcher
      sha256: f6a7e5c4835bb4e3026a04793a4199ca2d14c739ec378fdfe23fc8075d0439f8
      url: "https://pub.dev"
    source: hosted
    version: "6.3.2"
  url_launcher_android:
    dependency: transitive
    description:
      name: url_launcher_android
      sha256: "6fc2f56536ee873eeb867ad176ae15f304ccccc357848b351f6f0d8d4a40d193"
      url: "https://pub.dev"
    source: hosted
    version: "6.3.14"
  url_launcher_ios:
    dependency: transitive
    description:
      name: url_launcher_ios
      sha256: e43b677296fadce447e987a2f519dcf5f6d1e527dc35d01ffab4fff5b8a7063e
      url: "https://pub.dev"
    source: hosted
    version: "6.3.1"
  url_launcher_linux:
    dependency: transitive
    description:
      name: url_launcher_linux
      sha256: "4e9ba368772369e3e08f231d2301b4ef72b9ff87c31192ef471b380ef29a4935"
      url: "https://pub.dev"
    source: hosted
    version: "3.2.1"
  url_launcher_macos:
    dependency: transitive
    description:
      name: url_launcher_macos
      sha256: "769549c999acdb42b8bcfa7c43d72bf79a382ca7441ab18a808e101149daf672"
      url: "https://pub.dev"
    source: hosted
    version: "3.2.1"
  url_launcher_platform_interface:
    dependency: transitive
    description:
      name: url_launcher_platform_interface
      sha256: "552f8a1e663569be95a8190206a38187b531910283c3e982193e4f2733f01029"
      url: "https://pub.dev"
    source: hosted
    version: "2.3.2"
  url_launcher_web:
    dependency: transitive
    description:
      name: url_launcher_web
      sha256: "772638d3b34c779ede05ba3d38af34657a05ac55b06279ea6edd409e323dca8e"
      url: "https://pub.dev"
    source: hosted
    version: "2.3.3"
  url_launcher_windows:
    dependency: transitive
    description:
      name: url_launcher_windows
      sha256: "44cf3aabcedde30f2dba119a9dea3b0f2672fbe6fa96e85536251d678216b3c4"
      url: "https://pub.dev"
    source: hosted
    version: "3.1.3"
  uuid:
    dependency: "direct main"
    description:
      name: uuid
      sha256: "1fef9e8e11e2991bb773070d4656b7bd5d850967a2456cfc83cf47925ba79489"
      url: "https://pub.dev"
    source: hosted
    version: "4.5.3"
  vector_graphics:
    dependency: transitive
    description:
      name: vector_graphics
      sha256: "2306c03da2ba81724afeb589c351ebbc0aa7d86005925be8f8735856dbe5e42d"
      url: "https://pub.dev"
    source: hosted
    version: "1.2.2"
  vector_graphics_codec:
    dependency: transitive
    description:
      name: vector_graphics_codec
      sha256: "2430b973a4ca3c4dbc9999b62b8c719a160100dcbae5c819bae0cacce32c9cdb"
      url: "https://pub.dev"
    source: hosted
    version: "1.1.12"
  vector_graphics_compiler:
    dependency: transitive
    description:
      name: vector_graphics_compiler
      sha256: "1b4b9e706a10294258727674a340ae0d6e64a7231980f9f9a3d12e4b42407aad"
      url: "https://pub.dev"
    source: hosted
    version: "1.1.16"
  vector_math:
    dependency: transitive
    description:
      name: vector_math
      sha256: d530bd74fea330e6e364cda7a85019c434070188383e1cd8d9777ee586914c5b
      url: "https://pub.dev"
    source: hosted
    version: "2.2.0"
  video_player:
    dependency: transitive
    description:
      name: video_player
      sha256: "48a7bdaa38a3d50ec10c78627abdbfad863fdf6f0d6e08c7c3c040cfd80ae36f"
      url: "https://pub.dev"
    source: hosted
    version: "2.11.1"
  video_player_android:
    dependency: transitive
    description:
      name: video_player_android
      sha256: "5121de08444d00363efdda630a69ad4d27a208a9f7586482d4909a44a1cdbc63"
      url: "https://pub.dev"
    source: hosted
    version: "2.11.0"
  video_player_avfoundation:
    dependency: transitive
    description:
      name: video_player_avfoundation
      sha256: c238f5f0a26845cd0bcc2956049b63065a4d3c40ddfc22c3414cd170bef7fff9
      url: "https://pub.dev"
    source: hosted
    version: "2.11.0"
  video_player_platform_interface:
    dependency: transitive
    description:
      name: video_player_platform_interface
      sha256: "92c0fbabe20c788e71fd10d26cea998d0d253282e65d145aed0818731cf593ce"
      url: "https://pub.dev"
    source: hosted
    version: "6.9.0"
  video_player_web:
    dependency: transitive
    description:
      name: video_player_web
      sha256: "881b375a934d8ebf868c7fb1423b2bfaa393a0a265fa3f733079a86536064a10"
      url: "https://pub.dev"
    source: hosted
    version: "2.3.3"
  vm_service:
    dependency: transitive
    description:
      name: vm_service
      sha256: "0968250880a6c5fe7edc067ed0a13d4bae1577fe2771dcf3010d52c4a9d3ca14"
      url: "https://pub.dev"
    source: hosted
    version: "14.3.1"
  wakelock_plus:
    dependency: transitive
    description:
      name: wakelock_plus
      sha256: ddf3db70eaa10c37558ff817519b85d527dbd21034fd5d8e1c2e85f31588f1c1
      url: "https://pub.dev"
    source: hosted
    version: "1.5.2"
  wakelock_plus_platform_interface:
    dependency: transitive
    description:
      name: wakelock_plus_platform_interface
      sha256: b13f99e992e7ae6a152e16c5559d3c07ff445b13330192662494e614ca3e7d7b
      url: "https://pub.dev"
    source: hosted
    version: "1.5.1"
  web:
    dependency: transitive
    description:
      name: web
      sha256: "868d88a33d8a87b18ffc05f9f030ba328ffefba92d6c127917a2ba740f9cfe4a"
      url: "https://pub.dev"
    source: hosted
    version: "1.1.1"
  web_socket:
    dependency: transitive
    description:
      name: web_socket
      sha256: "3c12d96c0c9a4eec095246debcea7b86c0324f22df69893d538fcc6f1b8cce83"
      url: "https://pub.dev"
    source: hosted
    version: "0.1.6"
  web_socket_channel:
    dependency: transitive
    description:
      name: web_socket_channel
      sha256: d645757fb0f4773d602444000a8131ff5d48c9e47adfe9772652dd1a4f2d45c8
      url: "https://pub.dev"
    source: hosted
    version: "3.0.3"
  win32:
    dependency: transitive
    description:
      name: win32
      sha256: d7cb55e04cd34096cd3a79b3330245f54cb96a370a1c27adb3c84b917de8b08e
      url: "https://pub.dev"
    source: hosted
    version: "5.15.0"
  win32_registry:
    dependency: transitive
    description:
      name: win32_registry
      sha256: "6f1b564492d0147b330dd794fee8f512cec4977957f310f9951b5f9d83618dae"
      url: "https://pub.dev"
    source: hosted
    version: "2.1.0"
  x509:
    dependency: transitive
    description:
      name: x509
      sha256: cbd1a63846884afd273cda247b0365284c8d85a365ca98e110413f93d105b935
      url: "https://pub.dev"
    source: hosted
    version: "0.2.4+3"
  xdg_directories:
    dependency: transitive
    description:
      name: xdg_directories
      sha256: "7a3f37b05d989967cdddcbb571f1ea834867ae2faa29725fd085180e0883aa15"
      url: "https://pub.dev"
    source: hosted
    version: "1.1.0"
  xml:
    dependency: transitive
    description:
      name: xml
      sha256: b015a8ad1c488f66851d762d3090a21c600e479dc75e68328c52774040cf9226
      url: "https://pub.dev"
    source: hosted
    version: "6.5.0"
sdks:
  dart: ">=3.12.0 <4.0.0"
  flutter: ">=3.44.0"
