PODS:
  - Flutter (1.0.0)
  - get_thumbnail_video (0.0.1):
    - Flutter
    - libwebp
  - libwebp (1.5.0):
    - libwebp/demux (= 1.5.0)
    - libwebp/mux (= 1.5.0)
    - libwebp/sharpyuv (= 1.5.0)
    - libwebp/webp (= 1.5.0)
  - libwebp/demux (1.5.0):
    - libwebp/webp
  - libwebp/mux (1.5.0):
    - libwebp/demux
  - libwebp/sharpyuv (1.5.0)
  - libwebp/webp (1.5.0):
    - libwebp/sharpyuv
  - media_kit_video (0.0.1):
    - Flutter

DEPENDENCIES:
  - Flutter (from `Flutter`)
  - get_thumbnail_video (from `.symlinks/plugins/get_thumbnail_video/ios`)
  - media_kit_video (from `.symlinks/plugins/media_kit_video/ios`)

SPEC REPOS:
  trunk:
    - libwebp

EXTERNAL SOURCES:
  Flutter:
    :path: Flutter
  get_thumbnail_video:
    :path: ".symlinks/plugins/get_thumbnail_video/ios"
  media_kit_video:
    :path: ".symlinks/plugins/media_kit_video/ios"

SPEC CHECKSUMS:
  Flutter: cabc95a1d2626b1b06e7179b784ebcf0c0cde467
  get_thumbnail_video: 1a754d46b860dffefcc57b7290a43089cd5d7e58
  libwebp: 02b23773aedb6ff1fd38cec7a77b81414c6842a8
  media_kit_video: f3b0d035d89def15cfbbcf7dc2ae278f201e2f83

PODFILE CHECKSUM: 4f1c12611da7338d21589c0b2ecd6bd20b109694

COCOAPODS: 1.16.2
